// !$*UTF8*$!
{
	archiveVersion = 1;
	classes = {
	};
	objectVersion = 48;
	objects = {

/* Begin PBXBuildFile section */
		042B854080F4BA926FF7EDBE /* Pods_lab2UITests.framework in Frameworks */ = {isa = PBXBuildFile; fileRef = 9D0519138ACD1FD16552BA6B /* Pods_lab2UITests.framework */; };
		68006CC616596DC7BCD3EF89 /* Pods_lab2Tests.framework in Frameworks */ = {isa = PBXBuildFile; fileRef = C54CB51142F566EEE2899CA3 /* Pods_lab2Tests.framework */; };
		C047B9F40EE71CA8CE02B8A2 /* Pods_lab2.framework in Frameworks */ = {isa = PBXBuildFile; fileRef = 07EE838657340B98D780B096 /* Pods_lab2.framework */; };
		D2E495D31FE3D6ED00EE51E8 /* AppDelegate.swift in Sources */ = {isa = PBXBuildFile; fileRef = D2E495D21FE3D6ED00EE51E8 /* AppDelegate.swift */; };
		D2E495D51FE3D6ED00EE51E8 /* ViewController.swift in Sources */ = {isa = PBXBuildFile; fileRef = D2E495D41FE3D6ED00EE51E8 /* ViewController.swift */; };
		D2E495D81FE3D6ED00EE51E8 /* Main.storyboard in Resources */ = {isa = PBXBuildFile; fileRef = D2E495D61FE3D6ED00EE51E8 /* Main.storyboard */; };
		D2E495DA1FE3D6ED00EE51E8 /* Assets.xcassets in Resources */ = {isa = PBXBuildFile; fileRef = D2E495D91FE3D6ED00EE51E8 /* Assets.xcassets */; };
		D2E495DD1FE3D6ED00EE51E8 /* LaunchScreen.storyboard in Resources */ = {isa = PBXBuildFile; fileRef = D2E495DB1FE3D6ED00EE51E8 /* LaunchScreen.storyboard */; };
		D2E495E81FE3D6ED00EE51E8 /* lab2Tests.swift in Sources */ = {isa = PBXBuildFile; fileRef = D2E495E71FE3D6ED00EE51E8 /* lab2Tests.swift */; };
		D2E495F31FE3D6ED00EE51E8 /* lab2UITests.swift in Sources */ = {isa = PBXBuildFile; fileRef = D2E495F21FE3D6ED00EE51E8 /* lab2UITests.swift */; };
		D2E496011FE3DC8200EE51E8 /* MessagesViewController.swift in Sources */ = {isa = PBXBuildFile; fileRef = D2E496001FE3DC8200EE51E8 /* MessagesViewController.swift */; };
		D2E496031FE3DDD500EE51E8 /* Message.swift in Sources */ = {isa = PBXBuildFile; fileRef = D2E496021FE3DDD500EE51E8 /* Message.swift */; };
		D2E496051FE3DE1000EE51E8 /* MessagesService.swift in Sources */ = {isa = PBXBuildFile; fileRef = D2E496041FE3DE1000EE51E8 /* MessagesService.swift */; };
/* End PBXBuildFile section */

/* Begin PBXContainerItemProxy section */
		D2E495E41FE3D6ED00EE51E8 /* PBXContainerItemProxy */ = {
			isa = PBXContainerItemProxy;
			containerPortal = D2E495C71FE3D6EC00EE51E8 /* Project object */;
			proxyType = 1;
			remoteGlobalIDString = D2E495CE1FE3D6ED00EE51E8;
			remoteInfo = lab2;
		};
		D2E495EF1FE3D6ED00EE51E8 /* PBXContainerItemProxy */ = {
			isa = PBXContainerItemProxy;
			containerPortal = D2E495C71FE3D6EC00EE51E8 /* Project object */;
			proxyType = 1;
			remoteGlobalIDString = D2E495CE1FE3D6ED00EE51E8;
			remoteInfo = lab2;
		};
/* End PBXContainerItemProxy section */

/* Begin PBXFileReference section */
		07EE838657340B98D780B096 /* Pods_lab2.framework */ = {isa = PBXFileReference; explicitFileType = wrapper.framework; includeInIndex = 0; path = Pods_lab2.framework; sourceTree = BUILT_PRODUCTS_DIR; };
		278DEE83C9A34DAEF2EBC5D9 /* Pods-lab2UITests.debug.xcconfig */ = {isa = PBXFileReference; includeInIndex = 1; lastKnownFileType = text.xcconfig; name = "Pods-lab2UITests.debug.xcconfig"; path = "Pods/Target Support Files/Pods-lab2UITests/Pods-lab2UITests.debug.xcconfig"; sourceTree = "<group>"; };
		4B522FD12A13873F34672F79 /* Pods-lab2.release.xcconfig */ = {isa = PBXFileReference; includeInIndex = 1; lastKnownFileType = text.xcconfig; name = "Pods-lab2.release.xcconfig"; path = "Pods/Target Support Files/Pods-lab2/Pods-lab2.release.xcconfig"; sourceTree = "<group>"; };
		8021D8144EE3DF40B3A9C4A6 /* Pods-lab2Tests.release.xcconfig */ = {isa = PBXFileReference; includeInIndex = 1; lastKnownFileType = text.xcconfig; name = "Pods-lab2Tests.release.xcconfig"; path = "Pods/Target Support Files/Pods-lab2Tests/Pods-lab2Tests.release.xcconfig"; sourceTree = "<group>"; };
		8A8BF82CA23E674DD444D597 /* Pods-lab2UITests.release.xcconfig */ = {isa = PBXFileReference; includeInIndex = 1; lastKnownFileType = text.xcconfig; name = "Pods-lab2UITests.release.xcconfig"; path = "Pods/Target Support Files/Pods-lab2UITests/Pods-lab2UITests.release.xcconfig"; sourceTree = "<group>"; };
		980F54B960411C99B56AF526 /* Pods-lab2.debug.xcconfig */ = {isa = PBXFileReference; includeInIndex = 1; lastKnownFileType = text.xcconfig; name = "Pods-lab2.debug.xcconfig"; path = "Pods/Target Support Files/Pods-lab2/Pods-lab2.debug.xcconfig"; sourceTree = "<group>"; };
		9ADE250C5A1396C6B08443CF /* Pods-lab2Tests.debug.xcconfig */ = {isa = PBXFileReference; includeInIndex = 1; lastKnownFileType = text.xcconfig; name = "Pods-lab2Tests.debug.xcconfig"; path = "Pods/Target Support Files/Pods-lab2Tests/Pods-lab2Tests.debug.xcconfig"; sourceTree = "<group>"; };
		9D0519138ACD1FD16552BA6B /* Pods_lab2UITests.framework */ = {isa = PBXFileReference; explicitFileType = wrapper.framework; includeInIndex = 0; path = Pods_lab2UITests.framework; sourceTree = BUILT_PRODUCTS_DIR; };
		C54CB51142F566EEE2899CA3 /* Pods_lab2Tests.framework */ = {isa = PBXFileReference; explicitFileType = wrapper.framework; includeInIndex = 0; path = Pods_lab2Tests.framework; sourceTree = BUILT_PRODUCTS_DIR; };
		D2E495CF1FE3D6ED00EE51E8 /* lab2.app */ = {isa = PBXFileReference; explicitFileType = wrapper.application; includeInIndex = 0; path = lab2.app; sourceTree = BUILT_PRODUCTS_DIR; };
		D2E495D21FE3D6ED00EE51E8 /* AppDelegate.swift */ = {isa = PBXFileReference; lastKnownFileType = sourcecode.swift; path = AppDelegate.swift; sourceTree = "<group>"; };
		D2E495D41FE3D6ED00EE51E8 /* ViewController.swift */ = {isa = PBXFileReference; lastKnownFileType = sourcecode.swift; path = ViewController.swift; sourceTree = "<group>"; };
		D2E495D71FE3D6ED00EE51E8 /* Base */ = {isa = PBXFileReference; lastKnownFileType = file.storyboard; name = Base; path = Base.lproj/Main.storyboard; sourceTree = "<group>"; };
		D2E495D91FE3D6ED00EE51E8 /* Assets.xcassets */ = {isa = PBXFileReference; lastKnownFileType = folder.assetcatalog; path = Assets.xcassets; sourceTree = "<group>"; };
		D2E495DC1FE3D6ED00EE51E8 /* Base */ = {isa = PBXFileReference; lastKnownFileType = file.storyboard; name = Base; path = Base.lproj/LaunchScreen.storyboard; sourceTree = "<group>"; };
		D2E495DE1FE3D6ED00EE51E8 /* Info.plist */ = {isa = PBXFileReference; lastKnownFileType = text.plist.xml; path = Info.plist; sourceTree = "<group>"; };
		D2E495E31FE3D6ED00EE51E8 /* lab2Tests.xctest */ = {isa = PBXFileReference; explicitFileType = wrapper.cfbundle; includeInIndex = 0; path = lab2Tests.xctest; sourceTree = BUILT_PRODUCTS_DIR; };
		D2E495E71FE3D6ED00EE51E8 /* lab2Tests.swift */ = {isa = PBXFileReference; lastKnownFileType = sourcecode.swift; path = lab2Tests.swift; sourceTree = "<group>"; };
		D2E495E91FE3D6ED00EE51E8 /* Info.plist */ = {isa = PBXFileReference; lastKnownFileType = text.plist.xml; path = Info.plist; sourceTree = "<group>"; };
		D2E495EE1FE3D6ED00EE51E8 /* lab2UITests.xctest */ = {isa = PBXFileReference; explicitFileType = wrapper.cfbundle; includeInIndex = 0; path = lab2UITests.xctest; sourceTree = BUILT_PRODUCTS_DIR; };
		D2E495F21FE3D6ED00EE51E8 /* lab2UITests.swift */ = {isa = PBXFileReference; lastKnownFileType = sourcecode.swift; path = lab2UITests.swift; sourceTree = "<group>"; };
		D2E495F41FE3D6ED00EE51E8 /* Info.plist */ = {isa = PBXFileReference; lastKnownFileType = text.plist.xml; path = Info.plist; sourceTree = "<group>"; };
		D2E496001FE3DC8200EE51E8 /* MessagesViewController.swift */ = {isa = PBXFileReference; lastKnownFileType = sourcecode.swift; path = MessagesViewController.swift; sourceTree = "<group>"; };
		D2E496021FE3DDD500EE51E8 /* Message.swift */ = {isa = PBXFileReference; lastKnownFileType = sourcecode.swift; path = Message.swift; sourceTree = "<group>"; };
		D2E496041FE3DE1000EE51E8 /* MessagesService.swift */ = {isa = PBXFileReference; lastKnownFileType = sourcecode.swift; path = MessagesService.swift; sourceTree = "<group>"; };
/* End PBXFileReference section */

/* Begin PBXFrameworksBuildPhase section */
		D2E495CC1FE3D6ED00EE51E8 /* Frameworks */ = {
			isa = PBXFrameworksBuildPhase;
			buildActionMask = 2147483647;
			files = (
				C047B9F40EE71CA8CE02B8A2 /* Pods_lab2.framework in Frameworks */,
			);
			runOnlyForDeploymentPostprocessing = 0;
		};
		D2E495E01FE3D6ED00EE51E8 /* Frameworks */ = {
			isa = PBXFrameworksBuildPhase;
			buildActionMask = 2147483647;
			files = (
				68006CC616596DC7BCD3EF89 /* Pods_lab2Tests.framework in Frameworks */,
			);
			runOnlyForDeploymentPostprocessing = 0;
		};
		D2E495EB1FE3D6ED00EE51E8 /* Frameworks */ = {
			isa = PBXFrameworksBuildPhase;
			buildActionMask = 2147483647;
			files = (
				042B854080F4BA926FF7EDBE /* Pods_lab2UITests.framework in Frameworks */,
			);
			runOnlyForDeploymentPostprocessing = 0;
		};
/* End PBXFrameworksBuildPhase section */

/* Begin PBXGroup section */
		18A88B36933BD83CFD9F1162 /* Pods */ = {
			isa = PBXGroup;
			children = (
				980F54B960411C99B56AF526 /* Pods-lab2.debug.xcconfig */,
				4B522FD12A13873F34672F79 /* Pods-lab2.release.xcconfig */,
				9ADE250C5A1396C6B08443CF /* Pods-lab2Tests.debug.xcconfig */,
				8021D8144EE3DF40B3A9C4A6 /* Pods-lab2Tests.release.xcconfig */,
				278DEE83C9A34DAEF2EBC5D9 /* Pods-lab2UITests.debug.xcconfig */,
				8A8BF82CA23E674DD444D597 /* Pods-lab2UITests.release.xcconfig */,
			);
			name = Pods;
			sourceTree = "<group>";
		};
		2A6AD85137A559C1256A2C1E /* Frameworks */ = {
			isa = PBXGroup;
			children = (
				07EE838657340B98D780B096 /* Pods_lab2.framework */,
				C54CB51142F566EEE2899CA3 /* Pods_lab2Tests.framework */,
				9D0519138ACD1FD16552BA6B /* Pods_lab2UITests.framework */,
			);
			name = Frameworks;
			sourceTree = "<group>";
		};
		D2E495C61FE3D6EC00EE51E8 = {
			isa = PBXGroup;
			children = (
				D2E495D11FE3D6ED00EE51E8 /* lab2 */,
				D2E495E61FE3D6ED00EE51E8 /* lab2Tests */,
				D2E495F11FE3D6ED00EE51E8 /* lab2UITests */,
				D2E495D01FE3D6ED00EE51E8 /* Products */,
				18A88B36933BD83CFD9F1162 /* Pods */,
				2A6AD85137A559C1256A2C1E /* Frameworks */,
			);
			sourceTree = "<group>";
		};
		D2E495D01FE3D6ED00EE51E8 /* Products */ = {
			isa = PBXGroup;
			children = (
				D2E495CF1FE3D6ED00EE51E8 /* lab2.app */,
				D2E495E31FE3D6ED00EE51E8 /* lab2Tests.xctest */,
				D2E495EE1FE3D6ED00EE51E8 /* lab2UITests.xctest */,
			);
			name = Products;
			sourceTree = "<group>";
		};
		D2E495D11FE3D6ED00EE51E8 /* lab2 */ = {
			isa = PBXGroup;
			children = (
				D2E495D21FE3D6ED00EE51E8 /* AppDelegate.swift */,
				D2E495D41FE3D6ED00EE51E8 /* ViewController.swift */,
				D2E495D61FE3D6ED00EE51E8 /* Main.storyboard */,
				D2E495D91FE3D6ED00EE51E8 /* Assets.xcassets */,
				D2E495DB1FE3D6ED00EE51E8 /* LaunchScreen.storyboard */,
				D2E495DE1FE3D6ED00EE51E8 /* Info.plist */,
				D2E496001FE3DC8200EE51E8 /* MessagesViewController.swift */,
				D2E496021FE3DDD500EE51E8 /* Message.swift */,
				D2E496041FE3DE1000EE51E8 /* MessagesService.swift */,
			);
			path = lab2;
			sourceTree = "<group>";
		};
		D2E495E61FE3D6ED00EE51E8 /* lab2Tests */ = {
			isa = PBXGroup;
			children = (
				D2E495E71FE3D6ED00EE51E8 /* lab2Tests.swift */,
				D2E495E91FE3D6ED00EE51E8 /* Info.plist */,
			);
			path = lab2Tests;
			sourceTree = "<group>";
		};
		D2E495F11FE3D6ED00EE51E8 /* lab2UITests */ = {
			isa = PBXGroup;
			children = (
				D2E495F21FE3D6ED00EE51E8 /* lab2UITests.swift */,
				D2E495F41FE3D6ED00EE51E8 /* Info.plist */,
			);
			path = lab2UITests;
			sourceTree = "<group>";
		};
/* End PBXGroup section */

/* Begin PBXNativeTarget section */
		D2E495CE1FE3D6ED00EE51E8 /* lab2 */ = {
			isa = PBXNativeTarget;
			buildConfigurationList = D2E495F71FE3D6ED00EE51E8 /* Build configuration list for PBXNativeTarget "lab2" */;
			buildPhases = (
				4694B29EDE7914F2754B5F76 /* [CP] Check Pods Manifest.lock */,
				D2E495CB1FE3D6ED00EE51E8 /* Sources */,
				D2E495CC1FE3D6ED00EE51E8 /* Frameworks */,
				D2E495CD1FE3D6ED00EE51E8 /* Resources */,
				C16790A406E7E528A19A73A1 /* [CP] Embed Pods Frameworks */,
				ECE2AF8752FAC495D46586AD /* [CP] Copy Pods Resources */,
			);
			buildRules = (
			);
			dependencies = (
			);
			name = lab2;
			productName = lab2;
			productReference = D2E495CF1FE3D6ED00EE51E8 /* lab2.app */;
			productType = "com.apple.product-type.application";
		};
		D2E495E21FE3D6ED00EE51E8 /* lab2Tests */ = {
			isa = PBXNativeTarget;
			buildConfigurationList = D2E495FA1FE3D6ED00EE51E8 /* Build configuration list for PBXNativeTarget "lab2Tests" */;
			buildPhases = (
				375660284021A0975B5B3F89 /* [CP] Check Pods Manifest.lock */,
				D2E495DF1FE3D6ED00EE51E8 /* Sources */,
				D2E495E01FE3D6ED00EE51E8 /* Frameworks */,
				D2E495E11FE3D6ED00EE51E8 /* Resources */,
				2C9D5B4E1AFDBB2DE43C84DD /* [CP] Embed Pods Frameworks */,
				2BDB869500E56E7A3EEBEADC /* [CP] Copy Pods Resources */,
			);
			buildRules = (
			);
			dependencies = (
				D2E495E51FE3D6ED00EE51E8 /* PBXTargetDependency */,
			);
			name = lab2Tests;
			productName = lab2Tests;
			productReference = D2E495E31FE3D6ED00EE51E8 /* lab2Tests.xctest */;
			productType = "com.apple.product-type.bundle.unit-test";
		};
		D2E495ED1FE3D6ED00EE51E8 /* lab2UITests */ = {
			isa = PBXNativeTarget;
			buildConfigurationList = D2E495FD1FE3D6ED00EE51E8 /* Build configuration list for PBXNativeTarget "lab2UITests" */;
			buildPhases = (
				1FA19ACA541DC17838380241 /* [CP] Check Pods Manifest.lock */,
				D2E495EA1FE3D6ED00EE51E8 /* Sources */,
				D2E495EB1FE3D6ED00EE51E8 /* Frameworks */,
				D2E495EC1FE3D6ED00EE51E8 /* Resources */,
				FA9DF5B017530083A095A529 /* [CP] Embed Pods Frameworks */,
				F9DA37E84B3EF84E1E390FE1 /* [CP] Copy Pods Resources */,
			);
			buildRules = (
			);
			dependencies = (
				D2E495F01FE3D6ED00EE51E8 /* PBXTargetDependency */,
			);
			name = lab2UITests;
			productName = lab2UITests;
			productReference = D2E495EE1FE3D6ED00EE51E8 /* lab2UITests.xctest */;
			productType = "com.apple.product-type.bundle.ui-testing";
		};
/* End PBXNativeTarget section */

/* Begin PBXProject section */
		D2E495C71FE3D6EC00EE51E8 /* Project object */ = {
			isa = PBXProject;
			attributes = {
				LastSwiftUpdateCheck = 0920;
				LastUpgradeCheck = 0920;
				ORGANIZATIONNAME = "Tomasz Frankiewicz";
				TargetAttributes = {
					D2E495CE1FE3D6ED00EE51E8 = {
						CreatedOnToolsVersion = 9.2;
						ProvisioningStyle = Automatic;
					};
					D2E495E21FE3D6ED00EE51E8 = {
						CreatedOnToolsVersion = 9.2;
						ProvisioningStyle = Automatic;
						TestTargetID = D2E495CE1FE3D6ED00EE51E8;
					};
					D2E495ED1FE3D6ED00EE51E8 = {
						CreatedOnToolsVersion = 9.2;
						ProvisioningStyle = Automatic;
						TestTargetID = D2E495CE1FE3D6ED00EE51E8;
					};
				};
			};
			buildConfigurationList = D2E495CA1FE3D6EC00EE51E8 /* Build configuration list for PBXProject "lab2" */;
			compatibilityVersion = "Xcode 8.0";
			developmentRegion = en;
			hasScannedForEncodings = 0;
			knownRegions = (
				en,
				Base,
			);
			mainGroup = D2E495C61FE3D6EC00EE51E8;
			productRefGroup = D2E495D01FE3D6ED00EE51E8 /* Products */;
			projectDirPath = "";
			projectRoot = "";
			targets = (
				D2E495CE1FE3D6ED00EE51E8 /* lab2 */,
				D2E495E21FE3D6ED00EE51E8 /* lab2Tests */,
				D2E495ED1FE3D6ED00EE51E8 /* lab2UITests */,
			);
		};
/* End PBXProject section */

/* Begin PBXResourcesBuildPhase section */
		D2E495CD1FE3D6ED00EE51E8 /* Resources */ = {
			isa = PBXResourcesBuildPhase;
			buildActionMask = 2147483647;
			files = (
				D2E495DD1FE3D6ED00EE51E8 /* LaunchScreen.storyboard in Resources */,
				D2E495DA1FE3D6ED00EE51E8 /* Assets.xcassets in Resources */,
				D2E495D81FE3D6ED00EE51E8 /* Main.storyboard in Resources */,
			);
			runOnlyForDeploymentPostprocessing = 0;
		};
		D2E495E11FE3D6ED00EE51E8 /* Resources */ = {
			isa = PBXResourcesBuildPhase;
			buildActionMask = 2147483647;
			files = (
			);
			runOnlyForDeploymentPostprocessing = 0;
		};
		D2E495EC1FE3D6ED00EE51E8 /* Resources */ = {
			isa = PBXResourcesBuildPhase;
			buildActionMask = 2147483647;
			files = (
			);
			runOnlyForDeploymentPostprocessing = 0;
		};
/* End PBXResourcesBuildPhase section */

/* Begin PBXShellScriptBuildPhase section */
		1FA19ACA541DC17838380241 /* [CP] Check Pods Manifest.lock */ = {
			isa = PBXShellScriptBuildPhase;
			buildActionMask = 2147483647;
			files = (
			);
			inputPaths = (
				"${PODS_PODFILE_DIR_PATH}/Podfile.lock",
				"${PODS_ROOT}/Manifest.lock",
			);
			name = "[CP] Check Pods Manifest.lock";
			outputPaths = (
				"$(DERIVED_FILE_DIR)/Pods-lab2UITests-checkManifestLockResult.txt",
			);
			runOnlyForDeploymentPostprocessing = 0;
			shellPath = /bin/sh;
			shellScript = "diff \"${PODS_PODFILE_DIR_PATH}/Podfile.lock\" \"${PODS_ROOT}/Manifest.lock\" > /dev/null\nif [ $? != 0 ] ; then\n    # print error to STDERR\n    echo \"error: The sandbox is not in sync with the Podfile.lock. Run 'pod install' or update your CocoaPods installation.\" >&2\n    exit 1\nfi\n# This output is used by Xcode 'outputs' to avoid re-running this script phase.\necho \"SUCCESS\" > \"${SCRIPT_OUTPUT_FILE_0}\"\n";
			showEnvVarsInLog = 0;
		};
		2BDB869500E56E7A3EEBEADC /* [CP] Copy Pods Resources */ = {
			isa = PBXShellScriptBuildPhase;
			buildActionMask = 2147483647;
			files = (
			);
			inputPaths = (
			);
			name = "[CP] Copy Pods Resources";
			outputPaths = (
			);
			runOnlyForDeploymentPostprocessing = 0;
			shellPath = /bin/sh;
			shellScript = "\"${SRCROOT}/Pods/Target Support Files/Pods-lab2Tests/Pods-lab2Tests-resources.sh\"\n";
			showEnvVarsInLog = 0;
		};
		2C9D5B4E1AFDBB2DE43C84DD /* [CP] Embed Pods Frameworks */ = {
			isa = PBXShellScriptBuildPhase;
			buildActionMask = 2147483647;
			files = (
			);
			inputPaths = (
			);
			name = "[CP] Embed Pods Frameworks";
			outputPaths = (
			);
			runOnlyForDeploymentPostprocessing = 0;
			shellPath = /bin/sh;
			shellScript = "\"${SRCROOT}/Pods/Target Support Files/Pods-lab2Tests/Pods-lab2Tests-frameworks.sh\"\n";
			showEnvVarsInLog = 0;
		};
		375660284021A0975B5B3F89 /* [CP] Check Pods Manifest.lock */ = {
			isa = PBXShellScriptBuildPhase;
			buildActionMask = 2147483647;
			files = (
			);
			inputPaths = (
				"${PODS_PODFILE_DIR_PATH}/Podfile.lock",
				"${PODS_ROOT}/Manifest.lock",
			);
			name = "[CP] Check Pods Manifest.lock";
			outputPaths = (
				"$(DERIVED_FILE_DIR)/Pods-lab2Tests-checkManifestLockResult.txt",
			);
			runOnlyForDeploymentPostprocessing = 0;
			shellPath = /bin/sh;
			shellScript = "diff \"${PODS_PODFILE_DIR_PATH}/Podfile.lock\" \"${PODS_ROOT}/Manifest.lock\" > /dev/null\nif [ $? != 0 ] ; then\n    # print error to STDERR\n    echo \"error: The sandbox is not in sync with the Podfile.lock. Run 'pod install' or update your CocoaPods installation.\" >&2\n    exit 1\nfi\n# This output is used by Xcode 'outputs' to avoid re-running this script phase.\necho \"SUCCESS\" > \"${SCRIPT_OUTPUT_FILE_0}\"\n";
			showEnvVarsInLog = 0;
		};
		4694B29EDE7914F2754B5F76 /* [CP] Check Pods Manifest.lock */ = {
			isa = PBXShellScriptBuildPhase;
			buildActionMask = 2147483647;
			files = (
			);
			inputPaths = (
				"${PODS_PODFILE_DIR_PATH}/Podfile.lock",
				"${PODS_ROOT}/Manifest.lock",
			);
			name = "[CP] Check Pods Manifest.lock";
			outputPaths = (
				"$(DERIVED_FILE_DIR)/Pods-lab2-checkManifestLockResult.txt",
			);
			runOnlyForDeploymentPostprocessing = 0;
			shellPath = /bin/sh;
			shellScript = "diff \"${PODS_PODFILE_DIR_PATH}/Podfile.lock\" \"${PODS_ROOT}/Manifest.lock\" > /dev/null\nif [ $? != 0 ] ; then\n    # print error to STDERR\n    echo \"error: The sandbox is not in sync with the Podfile.lock. Run 'pod install' or update your CocoaPods installation.\" >&2\n    exit 1\nfi\n# This output is used by Xcode 'outputs' to avoid re-running this script phase.\necho \"SUCCESS\" > \"${SCRIPT_OUTPUT_FILE_0}\"\n";
			showEnvVarsInLog = 0;
		};
		C16790A406E7E528A19A73A1 /* [CP] Embed Pods Frameworks */ = {
			isa = PBXShellScriptBuildPhase;
			buildActionMask = 2147483647;
			files = (
			);
			inputPaths = (
				"${SRCROOT}/Pods/Target Support Files/Pods-lab2/Pods-lab2-frameworks.sh",
				"${BUILT_PRODUCTS_DIR}/Alamofire/Alamofire.framework",
				"${BUILT_PRODUCTS_DIR}/DGElasticPullToRefresh/DGElasticPullToRefresh.framework",
				"${BUILT_PRODUCTS_DIR}/Toast-Swift/Toast_Swift.framework",
			);
			name = "[CP] Embed Pods Frameworks";
			outputPaths = (
				"${TARGET_BUILD_DIR}/${FRAMEWORKS_FOLDER_PATH}/Alamofire.framework",
				"${TARGET_BUILD_DIR}/${FRAMEWORKS_FOLDER_PATH}/DGElasticPullToRefresh.framework",
				"${TARGET_BUILD_DIR}/${FRAMEWORKS_FOLDER_PATH}/Toast_Swift.framework",
			);
			runOnlyForDeploymentPostprocessing = 0;
			shellPath = /bin/sh;
			shellScript = "\"${SRCROOT}/Pods/Target Support Files/Pods-lab2/Pods-lab2-frameworks.sh\"\n";
			showEnvVarsInLog = 0;
		};
		ECE2AF8752FAC495D46586AD /* [CP] Copy Pods Resources */ = {
			isa = PBXShellScriptBuildPhase;
			buildActionMask = 2147483647;
			files = (
			);
			inputPaths = (
			);
			name = "[CP] Copy Pods Resources";
			outputPaths = (
			);
			runOnlyForDeploymentPostprocessing = 0;
			shellPath = /bin/sh;
			shellScript = "\"${SRCROOT}/Pods/Target Support Files/Pods-lab2/Pods-lab2-resources.sh\"\n";
			showEnvVarsInLog = 0;
		};
		F9DA37E84B3EF84E1E390FE1 /* [CP] Copy Pods Resources */ = {
			isa = PBXShellScriptBuildPhase;
			buildActionMask = 2147483647;
			files = (
			);
			inputPaths = (
			);
			name = "[CP] Copy Pods Resources";
			outputPaths = (
			);
			runOnlyForDeploymentPostprocessing = 0;
			shellPath = /bin/sh;
			shellScript = "\"${SRCROOT}/Pods/Target Support Files/Pods-lab2UITests/Pods-lab2UITests-resources.sh\"\n";
			showEnvVarsInLog = 0;
		};
		FA9DF5B017530083A095A529 /* [CP] Embed Pods Frameworks */ = {
			isa = PBXShellScriptBuildPhase;
			buildActionMask = 2147483647;
			files = (
			);
			inputPaths = (
			);
			name = "[CP] Embed Pods Frameworks";
			outputPaths = (
			);
			runOnlyForDeploymentPostprocessing = 0;
			shellPath = /bin/sh;
			shellScript = "\"${SRCROOT}/Pods/Target Support Files/Pods-lab2UITests/Pods-lab2UITests-frameworks.sh\"\n";
			showEnvVarsInLog = 0;
		};
/* End PBXShellScriptBuildPhase section */

/* Begin PBXSourcesBuildPhase section */
		D2E495CB1FE3D6ED00EE51E8 /* Sources */ = {
			isa = PBXSourcesBuildPhase;
			buildActionMask = 2147483647;
			files = (
				D2E496011FE3DC8200EE51E8 /* MessagesViewController.swift in Sources */,
				D2E496031FE3DDD500EE51E8 /* Message.swift in Sources */,
				D2E495D51FE3D6ED00EE51E8 /* ViewController.swift in Sources */,
				D2E496051FE3DE1000EE51E8 /* MessagesService.swift in Sources */,
				D2E495D31FE3D6ED00EE51E8 /* AppDelegate.swift in Sources */,
			);
			runOnlyForDeploymentPostprocessing = 0;
		};
		D2E495DF1FE3D6ED00EE51E8 /* Sources */ = {
			isa = PBXSourcesBuildPhase;
			buildActionMask = 2147483647;
			files = (
				D2E495E81FE3D6ED00EE51E8 /* lab2Tests.swift in Sources */,
			);
			runOnlyForDeploymentPostprocessing = 0;
		};
		D2E495EA1FE3D6ED00EE51E8 /* Sources */ = {
			isa = PBXSourcesBuildPhase;
			buildActionMask = 2147483647;
			files = (
				D2E495F31FE3D6ED00EE51E8 /* lab2UITests.swift in Sources */,
			);
			runOnlyForDeploymentPostprocessing = 0;
		};
/* End PBXSourcesBuildPhase section */

/* Begin PBXTargetDependency section */
		D2E495E51FE3D6ED00EE51E8 /* PBXTargetDependency */ = {
			isa = PBXTargetDependency;
			target = D2E495CE1FE3D6ED00EE51E8 /* lab2 */;
			targetProxy = D2E495E41FE3D6ED00EE51E8 /* PBXContainerItemProxy */;
		};
		D2E495F01FE3D6ED00EE51E8 /* PBXTargetDependency */ = {
			isa = PBXTargetDependency;
			target = D2E495CE1FE3D6ED00EE51E8 /* lab2 */;
			targetProxy = D2E495EF1FE3D6ED00EE51E8 /* PBXContainerItemProxy */;
		};
/* End PBXTargetDependency section */

/* Begin PBXVariantGroup section */
		D2E495D61FE3D6ED00EE51E8 /* Main.storyboard */ = {
			isa = PBXVariantGroup;
			children = (
				D2E495D71FE3D6ED00EE51E8 /* Base */,
			);
			name = Main.storyboard;
			sourceTree = "<group>";
		};
		D2E495DB1FE3D6ED00EE51E8 /* LaunchScreen.storyboard */ = {
			isa = PBXVariantGroup;
			children = (
				D2E495DC1FE3D6ED00EE51E8 /* Base */,
			);
			name = LaunchScreen.storyboard;
			sourceTree = "<group>";
		};
/* End PBXVariantGroup section */

/* Begin XCBuildConfiguration section */
		D2E495F51FE3D6ED00EE51E8 /* Debug */ = {
			isa = XCBuildConfiguration;
			buildSettings = {
				ALWAYS_SEARCH_USER_PATHS = NO;
				CLANG_ANALYZER_NONNULL = YES;
				CLANG_ANALYZER_NUMBER_OBJECT_CONVERSION = YES_AGGRESSIVE;
				CLANG_CXX_LANGUAGE_STANDARD = "gnu++14";
				CLANG_CXX_LIBRARY = "libc++";
				CLANG_ENABLE_MODULES = YES;
				CLANG_ENABLE_OBJC_ARC = YES;
				CLANG_WARN_BLOCK_CAPTURE_AUTORELEASING = YES;
				CLANG_WARN_BOOL_CONVERSION = YES;
				CLANG_WARN_COMMA = YES;
				CLANG_WARN_CONSTANT_CONVERSION = YES;
				CLANG_WARN_DIRECT_OBJC_ISA_USAGE = YES_ERROR;
				CLANG_WARN_DOCUMENTATION_COMMENTS = YES;
				CLANG_WARN_EMPTY_BODY = YES;
				CLANG_WARN_ENUM_CONVERSION = YES;
				CLANG_WARN_INFINITE_RECURSION = YES;
				CLANG_WARN_INT_CONVERSION = YES;
				CLANG_WARN_NON_LITERAL_NULL_CONVERSION = YES;
				CLANG_WARN_OBJC_LITERAL_CONVERSION = YES;
				CLANG_WARN_OBJC_ROOT_CLASS = YES_ERROR;
				CLANG_WARN_RANGE_LOOP_ANALYSIS = YES;
				CLANG_WARN_STRICT_PROTOTYPES = YES;
				CLANG_WARN_SUSPICIOUS_MOVE = YES;
				CLANG_WARN_UNGUARDED_AVAILABILITY = YES_AGGRESSIVE;
				CLANG_WARN_UNREACHABLE_CODE = YES;
				CLANG_WARN__DUPLICATE_METHOD_MATCH = YES;
				CODE_SIGN_IDENTITY = "iPhone Developer";
				COPY_PHASE_STRIP = NO;
				DEBUG_INFORMATION_FORMAT = dwarf;
				ENABLE_STRICT_OBJC_MSGSEND = YES;
				ENABLE_TESTABILITY = YES;
				GCC_C_LANGUAGE_STANDARD = gnu11;
				GCC_DYNAMIC_NO_PIC = NO;
				GCC_NO_COMMON_BLOCKS = YES;
				GCC_OPTIMIZATION_LEVEL = 0;
				GCC_PREPROCESSOR_DEFINITIONS = (
					"DEBUG=1",
					"$(inherited)",
				);
				GCC_WARN_64_TO_32_BIT_CONVERSION = YES;
				GCC_WARN_ABOUT_RETURN_TYPE = YES_ERROR;
				GCC_WARN_UNDECLARED_SELECTOR = YES;
				GCC_WARN_UNINITIALIZED_AUTOS = YES_AGGRESSIVE;
				GCC_WARN_UNUSED_FUNCTION = YES;
				GCC_WARN_UNUSED_VARIABLE = YES;
				IPHONEOS_DEPLOYMENT_TARGET = 11.2;
				MTL_ENABLE_DEBUG_INFO = YES;
				ONLY_ACTIVE_ARCH = YES;
				SDKROOT = iphoneos;
				SWIFT_ACTIVE_COMPILATION_CONDITIONS = DEBUG;
				SWIFT_OPTIMIZATION_LEVEL = "-Onone";
			};
			name = Debug;
		};
		D2E495F61FE3D6ED00EE51E8 /* Release */ = {
			isa = XCBuildConfiguration;
			buildSettings = {
				ALWAYS_SEARCH_USER_PATHS = NO;
				CLANG_ANALYZER_NONNULL = YES;
				CLANG_ANALYZER_NUMBER_OBJECT_CONVERSION = YES_AGGRESSIVE;
				CLANG_CXX_LANGUAGE_STANDARD = "gnu++14";
				CLANG_CXX_LIBRARY = "libc++";
				CLANG_ENABLE_MODULES = YES;
				CLANG_ENABLE_OBJC_ARC = YES;
				CLANG_WARN_BLOCK_CAPTURE_AUTORELEASING = YES;
				CLANG_WARN_BOOL_CONVERSION = YES;
				CLANG_WARN_COMMA = YES;
				CLANG_WARN_CONSTANT_CONVERSION = YES;
				CLANG_WARN_DIRECT_OBJC_ISA_USAGE = YES_ERROR;
				CLANG_WARN_DOCUMENTATION_COMMENTS = YES;
				CLANG_WARN_EMPTY_BODY = YES;
				CLANG_WARN_ENUM_CONVERSION = YES;
				CLANG_WARN_INFINITE_RECURSION = YES;
				CLANG_WARN_INT_CONVERSION = YES;
				CLANG_WARN_NON_LITERAL_NULL_CONVERSION = YES;
				CLANG_WARN_OBJC_LITERAL_CONVERSION = YES;
				CLANG_WARN_OBJC_ROOT_CLASS = YES_ERROR;
				CLANG_WARN_RANGE_LOOP_ANALYSIS = YES;
				CLANG_WARN_STRICT_PROTOTYPES = YES;
				CLANG_WARN_SUSPICIOUS_MOVE = YES;
				CLANG_WARN_UNGUARDED_AVAILABILITY = YES_AGGRESSIVE;
				CLANG_WARN_UNREACHABLE_CODE = YES;
				CLANG_WARN__DUPLICATE_METHOD_MATCH = YES;
				CODE_SIGN_IDENTITY = "iPhone Developer";
				COPY_PHASE_STRIP = NO;
				DEBUG_INFORMATION_FORMAT = "dwarf-with-dsym";
				ENABLE_NS_ASSERTIONS = NO;
				ENABLE_STRICT_OBJC_MSGSEND = YES;
				GCC_C_LANGUAGE_STANDARD = gnu11;
				GCC_NO_COMMON_BLOCKS = YES;
				GCC_WARN_64_TO_32_BIT_CONVERSION = YES;
				GCC_WARN_ABOUT_RETURN_TYPE = YES_ERROR;
				GCC_WARN_UNDECLARED_SELECTOR = YES;
				GCC_WARN_UNINITIALIZED_AUTOS = YES_AGGRESSIVE;
				GCC_WARN_UNUSED_FUNCTION = YES;
				GCC_WARN_UNUSED_VARIABLE = YES;
				IPHONEOS_DEPLOYMENT_TARGET = 11.2;
				MTL_ENABLE_DEBUG_INFO = NO;
				SDKROOT = iphoneos;
				SWIFT_OPTIMIZATION_LEVEL = "-Owholemodule";
				VALIDATE_PRODUCT = YES;
			};
			name = Release;
		};
		D2E495F81FE3D6ED00EE51E8 /* Debug */ = {
			isa = XCBuildConfiguration;
			baseConfigurationReference = 980F54B960411C99B56AF526 /* Pods-lab2.debug.xcconfig */;
			buildSettings = {
				ASSETCATALOG_COMPILER_APPICON_NAME = AppIcon;
				CODE_SIGN_STYLE = Automatic;
				INFOPLIST_FILE = lab2/Info.plist;
				LD_RUNPATH_SEARCH_PATHS = "$(inherited) @executable_path/Frameworks";
				PRODUCT_BUNDLE_IDENTIFIER = com.agh.edu.pl.lab2;
				PRODUCT_NAME = "$(TARGET_NAME)";
				SWIFT_VERSION = 4.0;
				TARGETED_DEVICE_FAMILY = "1,2";
			};
			name = Debug;
		};
		D2E495F91FE3D6ED00EE51E8 /* Release */ = {
			isa = XCBuildConfiguration;
			baseConfigurationReference = 4B522FD12A13873F34672F79 /* Pods-lab2.release.xcconfig */;
			buildSettings = {
				ASSETCATALOG_COMPILER_APPICON_NAME = AppIcon;
				CODE_SIGN_STYLE = Automatic;
				INFOPLIST_FILE = lab2/Info.plist;
				LD_RUNPATH_SEARCH_PATHS = "$(inherited) @executable_path/Frameworks";
				PRODUCT_BUNDLE_IDENTIFIER = com.agh.edu.pl.lab2;
				PRODUCT_NAME = "$(TARGET_NAME)";
				SWIFT_VERSION = 4.0;
				TARGETED_DEVICE_FAMILY = "1,2";
			};
			name = Release;
		};
		D2E495FB1FE3D6ED00EE51E8 /* Debug */ = {
			isa = XCBuildConfiguration;
			baseConfigurationReference = 9ADE250C5A1396C6B08443CF /* Pods-lab2Tests.debug.xcconfig */;
			buildSettings = {
				ALWAYS_EMBED_SWIFT_STANDARD_LIBRARIES = YES;
				BUNDLE_LOADER = "$(TEST_HOST)";
				CODE_SIGN_STYLE = Automatic;
				INFOPLIST_FILE = lab2Tests/Info.plist;
				LD_RUNPATH_SEARCH_PATHS = "$(inherited) @executable_path/Frameworks @loader_path/Frameworks";
				PRODUCT_BUNDLE_IDENTIFIER = com.agh.edu.pl.lab2Tests;
				PRODUCT_NAME = "$(TARGET_NAME)";
				SWIFT_VERSION = 4.0;
				TARGETED_DEVICE_FAMILY = "1,2";
				TEST_HOST = "$(BUILT_PRODUCTS_DIR)/lab2.app/lab2";
			};
			name = Debug;
		};
		D2E495FC1FE3D6ED00EE51E8 /* Release */ = {
			isa = XCBuildConfiguration;
			baseConfigurationReference = 8021D8144EE3DF40B3A9C4A6 /* Pods-lab2Tests.release.xcconfig */;
			buildSettings = {
				ALWAYS_EMBED_SWIFT_STANDARD_LIBRARIES = YES;
				BUNDLE_LOADER = "$(TEST_HOST)";
				CODE_SIGN_STYLE = Automatic;
				INFOPLIST_FILE = lab2Tests/Info.plist;
				LD_RUNPATH_SEARCH_PATHS = "$(inherited) @executable_path/Frameworks @loader_path/Frameworks";
				PRODUCT_BUNDLE_IDENTIFIER = com.agh.edu.pl.lab2Tests;
				PRODUCT_NAME = "$(TARGET_NAME)";
				SWIFT_VERSION = 4.0;
				TARGETED_DEVICE_FAMILY = "1,2";
				TEST_HOST = "$(BUILT_PRODUCTS_DIR)/lab2.app/lab2";
			};
			name = Release;
		};
		D2E495FE1FE3D6ED00EE51E8 /* Debug */ = {
			isa = XCBuildConfiguration;
			baseConfigurationReference = 278DEE83C9A34DAEF2EBC5D9 /* Pods-lab2UITests.debug.xcconfig */;
			buildSettings = {
				ALWAYS_EMBED_SWIFT_STANDARD_LIBRARIES = YES;
				CODE_SIGN_STYLE = Automatic;
				INFOPLIST_FILE = lab2UITests/Info.plist;
				LD_RUNPATH_SEARCH_PATHS = "$(inherited) @executable_path/Frameworks @loader_path/Frameworks";
				PRODUCT_BUNDLE_IDENTIFIER = com.agh.edu.pl.lab2UITests;
				PRODUCT_NAME = "$(TARGET_NAME)";
				SWIFT_VERSION = 4.0;
				TARGETED_DEVICE_FAMILY = "1,2";
				TEST_TARGET_NAME = lab2;
			};
			name = Debug;
		};
		D2E495FF1FE3D6ED00EE51E8 /* Release */ = {
			isa = XCBuildConfiguration;
			baseConfigurationReference = 8A8BF82CA23E674DD444D597 /* Pods-lab2UITests.release.xcconfig */;
			buildSettings = {
				ALWAYS_EMBED_SWIFT_STANDARD_LIBRARIES = YES;
				CODE_SIGN_STYLE = Automatic;
				INFOPLIST_FILE = lab2UITests/Info.plist;
				LD_RUNPATH_SEARCH_PATHS = "$(inherited) @executable_path/Frameworks @loader_path/Frameworks";
				PRODUCT_BUNDLE_IDENTIFIER = com.agh.edu.pl.lab2UITests;
				PRODUCT_NAME = "$(TARGET_NAME)";
				SWIFT_VERSION = 4.0;
				TARGETED_DEVICE_FAMILY = "1,2";
				TEST_TARGET_NAME = lab2;
			};
			name = Release;
		};
/* End XCBuildConfiguration section */

/* Begin XCConfigurationList section */
		D2E495CA1FE3D6EC00EE51E8 /* Build configuration list for PBXProject "lab2" */ = {
			isa = XCConfigurationList;
			buildConfigurations = (
				D2E495F51FE3D6ED00EE51E8 /* Debug */,
				D2E495F61FE3D6ED00EE51E8 /* Release */,
			);
			defaultConfigurationIsVisible = 0;
			defaultConfigurationName = Release;
		};
		D2E495F71FE3D6ED00EE51E8 /* Build configuration list for PBXNativeTarget "lab2" */ = {
			isa = XCConfigurationList;
			buildConfigurations = (
				D2E495F81FE3D6ED00EE51E8 /* Debug */,
				D2E495F91FE3D6ED00EE51E8 /* Release */,
			);
			defaultConfigurationIsVisible = 0;
			defaultConfigurationName = Release;
		};
		D2E495FA1FE3D6ED00EE51E8 /* Build configuration list for PBXNativeTarget "lab2Tests" */ = {
			isa = XCConfigurationList;
			buildConfigurations = (
				D2E495FB1FE3D6ED00EE51E8 /* Debug */,
				D2E495FC1FE3D6ED00EE51E8 /* Release */,
			);
			defaultConfigurationIsVisible = 0;
			defaultConfigurationName = Release;
		};
		D2E495FD1FE3D6ED00EE51E8 /* Build configuration list for PBXNativeTarget "lab2UITests" */ = {
			isa = XCConfigurationList;
			buildConfigurations = (
				D2E495FE1FE3D6ED00EE51E8 /* Debug */,
				D2E495FF1FE3D6ED00EE51E8 /* Release */,
			);
			defaultConfigurationIsVisible = 0;
			defaultConfigurationName = Release;
		};
/* End XCConfigurationList section */
	};
	rootObject = D2E495C71FE3D6EC00EE51E8 /* Project object */;
}
